// !$*UTF8*$!
{
	archiveVersion = 1;
	classes = {
	};
	objectVersion = 51;
	objects = {

/* Begin PBXBuildFile section */
		43288001258CD6770051D55D /* WorkoutDetails.storyboard in Resources */ = {isa = PBXBuildFile; fileRef = 43288000258CD6770051D55D /* WorkoutDetails.storyboard */; };
		4328800D258CE1070051D55D /* TrainingSessionDetailViewController.swift in Sources */ = {isa = PBXBuildFile; fileRef = 4328800C258CE1070051D55D /* TrainingSessionDetailViewController.swift */; };
		43288013258D04CA0051D55D /* WorkoutDetailTableViewCell.swift in Sources */ = {isa = PBXBuildFile; fileRef = 43288011258D04CA0051D55D /* WorkoutDetailTableViewCell.swift */; };
		43288014258D04CA0051D55D /* WorkoutDetailTableViewCell.xib in Resources */ = {isa = PBXBuildFile; fileRef = 43288012258D04CA0051D55D /* WorkoutDetailTableViewCell.xib */; };
		43288017258D3F430051D55D /* UpcomingSessionsViewController.swift in Sources */ = {isa = PBXBuildFile; fileRef = 43288016258D3F430051D55D /* UpcomingSessionsViewController.swift */; };
		43426EA12587A74300D7DDF1 /* GoogleSignInViewController.swift in Sources */ = {isa = PBXBuildFile; fileRef = 43426EA02587A74300D7DDF1 /* GoogleSignInViewController.swift */; };
		4347568725876884002F02D3 /* Calender.storyboard in Resources */ = {isa = PBXBuildFile; fileRef = 4347568625876884002F02D3 /* Calender.storyboard */; };
		4347568C258768DA002F02D3 /* Workouts.storyboard in Resources */ = {isa = PBXBuildFile; fileRef = 4347568B258768DA002F02D3 /* Workouts.storyboard */; };
		43475691258768E5002F02D3 /* Progress.storyboard in Resources */ = {isa = PBXBuildFile; fileRef = 43475690258768E5002F02D3 /* Progress.storyboard */; };
		434962B325502A6700BC4077 /* AppDelegate.swift in Sources */ = {isa = PBXBuildFile; fileRef = 434962B225502A6700BC4077 /* AppDelegate.swift */; };
		434962B525502A6700BC4077 /* SceneDelegate.swift in Sources */ = {isa = PBXBuildFile; fileRef = 434962B425502A6700BC4077 /* SceneDelegate.swift */; };
		434962B725502A6700BC4077 /* HomeViewController.swift in Sources */ = {isa = PBXBuildFile; fileRef = 434962B625502A6700BC4077 /* HomeViewController.swift */; };
		434962BA25502A6700BC4077 /* Home.storyboard in Resources */ = {isa = PBXBuildFile; fileRef = 434962B825502A6700BC4077 /* Home.storyboard */; };
		434962BC25502A6800BC4077 /* Assets.xcassets in Resources */ = {isa = PBXBuildFile; fileRef = 434962BB25502A6800BC4077 /* Assets.xcassets */; };
		434962BF25502A6800BC4077 /* LaunchScreen.storyboard in Resources */ = {isa = PBXBuildFile; fileRef = 434962BD25502A6800BC4077 /* LaunchScreen.storyboard */; };
		434962F02550503B00BC4077 /* CalenderViewController.swift in Sources */ = {isa = PBXBuildFile; fileRef = 434962EF2550503B00BC4077 /* CalenderViewController.swift */; };
		434962F82550506700BC4077 /* WorkoutsViewController.swift in Sources */ = {isa = PBXBuildFile; fileRef = 434962F72550506700BC4077 /* WorkoutsViewController.swift */; };
		434962FD255052C200BC4077 /* ProcessViewController.swift in Sources */ = {isa = PBXBuildFile; fileRef = 434962FC255052C200BC4077 /* ProcessViewController.swift */; };
		43684005258A4606008AB322 /* TrainingSessionsManager.swift in Sources */ = {isa = PBXBuildFile; fileRef = 43684004258A4606008AB322 /* TrainingSessionsManager.swift */; };
		43684009258A475B008AB322 /* Manager.swift in Sources */ = {isa = PBXBuildFile; fileRef = 43684008258A475B008AB322 /* Manager.swift */; };
		43684012258A6421008AB322 /* UpcomingSessionsUITableView.swift in Sources */ = {isa = PBXBuildFile; fileRef = 43684011258A6421008AB322 /* UpcomingSessionsUITableView.swift */; };
		43684016258A6A9E008AB322 /* WorkoutManager.swift in Sources */ = {isa = PBXBuildFile; fileRef = 43684015258A6A9E008AB322 /* WorkoutManager.swift */; };
		436FED76258A34D9009F8370 /* BeeStrong.xcdatamodeld in Sources */ = {isa = PBXBuildFile; fileRef = 436FED74258A34D9009F8370 /* BeeStrong.xcdatamodeld */; };
		4376D4E6258A418000434DDD /* GoogleCalendarAPI.swift in Sources */ = {isa = PBXBuildFile; fileRef = 4376D4E5258A418000434DDD /* GoogleCalendarAPI.swift */; };
		4396C71F255060C200FB35F3 /* UpcomingTrainingSessionCell.swift in Sources */ = {isa = PBXBuildFile; fileRef = 4396C71E255060C200FB35F3 /* UpcomingTrainingSessionCell.swift */; };
		43AE0785258A787D00FDBFE9 /* AddTrainingSessionViewController.swift in Sources */ = {isa = PBXBuildFile; fileRef = 43AE0784258A787D00FDBFE9 /* AddTrainingSessionViewController.swift */; };
		43AE0788258A8BB200FDBFE9 /* WorkoutTableViewCell.swift in Sources */ = {isa = PBXBuildFile; fileRef = 43AE0787258A8BB200FDBFE9 /* WorkoutTableViewCell.swift */; };
		43FB3044258AB823009C1C26 /* ExerciseTypeCollectionViewCell.swift in Sources */ = {isa = PBXBuildFile; fileRef = 43FB3043258AB823009C1C26 /* ExerciseTypeCollectionViewCell.swift */; };
		43FB304A258AB8C7009C1C26 /* ExerciseTypeManager.swift in Sources */ = {isa = PBXBuildFile; fileRef = 43FB3049258AB8C7009C1C26 /* ExerciseTypeManager.swift */; };
		43FB3052258ABA2D009C1C26 /* ExerciseTypeViewController.swift in Sources */ = {isa = PBXBuildFile; fileRef = 43FB3051258ABA2D009C1C26 /* ExerciseTypeViewController.swift */; };
		43FB3055258ABEC2009C1C26 /* ExerciesTypeSectionHeader.swift in Sources */ = {isa = PBXBuildFile; fileRef = 43FB3054258ABEC2009C1C26 /* ExerciesTypeSectionHeader.swift */; };
		43FB3059258B6D35009C1C26 /* ExerciseTableViewCell.swift in Sources */ = {isa = PBXBuildFile; fileRef = 43FB3058258B6D35009C1C26 /* ExerciseTableViewCell.swift */; };
		43FB305C258B6ED2009C1C26 /* NewWorkoutViewController.swift in Sources */ = {isa = PBXBuildFile; fileRef = 43FB305B258B6ED2009C1C26 /* NewWorkoutViewController.swift */; };
		43FB3060258B9907009C1C26 /* ExerciseTextField.swift in Sources */ = {isa = PBXBuildFile; fileRef = 43FB305F258B9907009C1C26 /* ExerciseTextField.swift */; };
		43FB3067258BB292009C1C26 /* SavedWorkoutTableViewCell.swift in Sources */ = {isa = PBXBuildFile; fileRef = 43FB3066258BB292009C1C26 /* SavedWorkoutTableViewCell.swift */; };
		7C5341D3090B3266DE5BF323 /* Pods_BeeStrong.framework in Frameworks */ = {isa = PBXBuildFile; fileRef = E1460450FF61BF08910AFE7C /* Pods_BeeStrong.framework */; };
/* End PBXBuildFile section */

/* Begin PBXFileReference section */
		43288000258CD6770051D55D /* WorkoutDetails.storyboard */ = {isa = PBXFileReference; lastKnownFileType = file.storyboard; path = WorkoutDetails.storyboard; sourceTree = "<group>"; };
		4328800C258CE1070051D55D /* TrainingSessionDetailViewController.swift */ = {isa = PBXFileReference; lastKnownFileType = sourcecode.swift; path = TrainingSessionDetailViewController.swift; sourceTree = "<group>"; };
		43288011258D04CA0051D55D /* WorkoutDetailTableViewCell.swift */ = {isa = PBXFileReference; lastKnownFileType = sourcecode.swift; path = WorkoutDetailTableViewCell.swift; sourceTree = "<group>"; };
		43288012258D04CA0051D55D /* WorkoutDetailTableViewCell.xib */ = {isa = PBXFileReference; lastKnownFileType = file.xib; path = WorkoutDetailTableViewCell.xib; sourceTree = "<group>"; };
		43288016258D3F430051D55D /* UpcomingSessionsViewController.swift */ = {isa = PBXFileReference; lastKnownFileType = sourcecode.swift; path = UpcomingSessionsViewController.swift; sourceTree = "<group>"; };
		43426EA02587A74300D7DDF1 /* GoogleSignInViewController.swift */ = {isa = PBXFileReference; lastKnownFileType = sourcecode.swift; path = GoogleSignInViewController.swift; sourceTree = "<group>"; };
		4347568625876884002F02D3 /* Calender.storyboard */ = {isa = PBXFileReference; lastKnownFileType = file.storyboard; path = Calender.storyboard; sourceTree = "<group>"; };
		4347568B258768DA002F02D3 /* Workouts.storyboard */ = {isa = PBXFileReference; lastKnownFileType = file.storyboard; path = Workouts.storyboard; sourceTree = "<group>"; };
		43475690258768E5002F02D3 /* Progress.storyboard */ = {isa = PBXFileReference; lastKnownFileType = file.storyboard; path = Progress.storyboard; sourceTree = "<group>"; };
		434962AF25502A6700BC4077 /* BeeStrong.app */ = {isa = PBXFileReference; explicitFileType = wrapper.application; includeInIndex = 0; path = BeeStrong.app; sourceTree = BUILT_PRODUCTS_DIR; };
		434962B225502A6700BC4077 /* AppDelegate.swift */ = {isa = PBXFileReference; lastKnownFileType = sourcecode.swift; path = AppDelegate.swift; sourceTree = "<group>"; };
		434962B425502A6700BC4077 /* SceneDelegate.swift */ = {isa = PBXFileReference; lastKnownFileType = sourcecode.swift; path = SceneDelegate.swift; sourceTree = "<group>"; };
		434962B625502A6700BC4077 /* HomeViewController.swift */ = {isa = PBXFileReference; lastKnownFileType = sourcecode.swift; path = HomeViewController.swift; sourceTree = "<group>"; };
		434962B925502A6700BC4077 /* Base */ = {isa = PBXFileReference; lastKnownFileType = file.storyboard; name = Base; path = Base.lproj/Home.storyboard; sourceTree = "<group>"; };
		434962BB25502A6800BC4077 /* Assets.xcassets */ = {isa = PBXFileReference; lastKnownFileType = folder.assetcatalog; path = Assets.xcassets; sourceTree = "<group>"; };
		434962BE25502A6800BC4077 /* Base */ = {isa = PBXFileReference; lastKnownFileType = file.storyboard; name = Base; path = Base.lproj/LaunchScreen.storyboard; sourceTree = "<group>"; };
		434962C025502A6800BC4077 /* Info.plist */ = {isa = PBXFileReference; lastKnownFileType = text.plist.xml; path = Info.plist; sourceTree = "<group>"; };
		434962EF2550503B00BC4077 /* CalenderViewController.swift */ = {isa = PBXFileReference; lastKnownFileType = sourcecode.swift; path = CalenderViewController.swift; sourceTree = "<group>"; };
		434962F72550506700BC4077 /* WorkoutsViewController.swift */ = {isa = PBXFileReference; lastKnownFileType = sourcecode.swift; path = WorkoutsViewController.swift; sourceTree = "<group>"; };
		434962FC255052C200BC4077 /* ProcessViewController.swift */ = {isa = PBXFileReference; lastKnownFileType = sourcecode.swift; path = ProcessViewController.swift; sourceTree = "<group>"; };
		43684004258A4606008AB322 /* TrainingSessionsManager.swift */ = {isa = PBXFileReference; lastKnownFileType = sourcecode.swift; path = TrainingSessionsManager.swift; sourceTree = "<group>"; };
		43684008258A475B008AB322 /* Manager.swift */ = {isa = PBXFileReference; lastKnownFileType = sourcecode.swift; path = Manager.swift; sourceTree = "<group>"; };
		43684011258A6421008AB322 /* UpcomingSessionsUITableView.swift */ = {isa = PBXFileReference; lastKnownFileType = sourcecode.swift; path = UpcomingSessionsUITableView.swift; sourceTree = "<group>"; };
		43684015258A6A9E008AB322 /* WorkoutManager.swift */ = {isa = PBXFileReference; lastKnownFileType = sourcecode.swift; path = WorkoutManager.swift; sourceTree = "<group>"; };
		436FED75258A34D9009F8370 /* BeeStrong.xcdatamodel */ = {isa = PBXFileReference; lastKnownFileType = wrapper.xcdatamodel; path = BeeStrong.xcdatamodel; sourceTree = "<group>"; };
		4376D4E3258A324200434DDD /* Google-Header.h */ = {isa = PBXFileReference; lastKnownFileType = sourcecode.c.h; path = "Google-Header.h"; sourceTree = SOURCE_ROOT; };
		4376D4E5258A418000434DDD /* GoogleCalendarAPI.swift */ = {isa = PBXFileReference; lastKnownFileType = sourcecode.swift; path = GoogleCalendarAPI.swift; sourceTree = "<group>"; };
		4396C71E255060C200FB35F3 /* UpcomingTrainingSessionCell.swift */ = {isa = PBXFileReference; lastKnownFileType = sourcecode.swift; path = UpcomingTrainingSessionCell.swift; sourceTree = "<group>"; };
		43AE0784258A787D00FDBFE9 /* AddTrainingSessionViewController.swift */ = {isa = PBXFileReference; lastKnownFileType = sourcecode.swift; path = AddTrainingSessionViewController.swift; sourceTree = "<group>"; };
		43AE0787258A8BB200FDBFE9 /* WorkoutTableViewCell.swift */ = {isa = PBXFileReference; lastKnownFileType = sourcecode.swift; path = WorkoutTableViewCell.swift; sourceTree = "<group>"; };
		43FB3043258AB823009C1C26 /* ExerciseTypeCollectionViewCell.swift */ = {isa = PBXFileReference; lastKnownFileType = sourcecode.swift; path = ExerciseTypeCollectionViewCell.swift; sourceTree = "<group>"; };
		43FB3049258AB8C7009C1C26 /* ExerciseTypeManager.swift */ = {isa = PBXFileReference; lastKnownFileType = sourcecode.swift; path = ExerciseTypeManager.swift; sourceTree = "<group>"; };
		43FB3051258ABA2D009C1C26 /* ExerciseTypeViewController.swift */ = {isa = PBXFileReference; lastKnownFileType = sourcecode.swift; path = ExerciseTypeViewController.swift; sourceTree = "<group>"; };
		43FB3054258ABEC2009C1C26 /* ExerciesTypeSectionHeader.swift */ = {isa = PBXFileReference; lastKnownFileType = sourcecode.swift; path = ExerciesTypeSectionHeader.swift; sourceTree = "<group>"; };
		43FB3058258B6D35009C1C26 /* ExerciseTableViewCell.swift */ = {isa = PBXFileReference; lastKnownFileType = sourcecode.swift; path = ExerciseTableViewCell.swift; sourceTree = "<group>"; };
		43FB305B258B6ED2009C1C26 /* NewWorkoutViewController.swift */ = {isa = PBXFileReference; lastKnownFileType = sourcecode.swift; path = NewWorkoutViewController.swift; sourceTree = "<group>"; };
		43FB305F258B9907009C1C26 /* ExerciseTextField.swift */ = {isa = PBXFileReference; lastKnownFileType = sourcecode.swift; path = ExerciseTextField.swift; sourceTree = "<group>"; };
		43FB3066258BB292009C1C26 /* SavedWorkoutTableViewCell.swift */ = {isa = PBXFileReference; lastKnownFileType = sourcecode.swift; path = SavedWorkoutTableViewCell.swift; sourceTree = "<group>"; };
		B369DBBBBEEACA3D5A0533FD /* Pods-BeeStrong.release.xcconfig */ = {isa = PBXFileReference; includeInIndex = 1; lastKnownFileType = text.xcconfig; name = "Pods-BeeStrong.release.xcconfig"; path = "Target Support Files/Pods-BeeStrong/Pods-BeeStrong.release.xcconfig"; sourceTree = "<group>"; };
		C9E0667BCDA4B42ED1AB5D68 /* Pods-BeeStrong.debug.xcconfig */ = {isa = PBXFileReference; includeInIndex = 1; lastKnownFileType = text.xcconfig; name = "Pods-BeeStrong.debug.xcconfig"; path = "Target Support Files/Pods-BeeStrong/Pods-BeeStrong.debug.xcconfig"; sourceTree = "<group>"; };
		E1460450FF61BF08910AFE7C /* Pods_BeeStrong.framework */ = {isa = PBXFileReference; explicitFileType = wrapper.framework; includeInIndex = 0; path = Pods_BeeStrong.framework; sourceTree = BUILT_PRODUCTS_DIR; };
/* End PBXFileReference section */

/* Begin PBXFrameworksBuildPhase section */
		434962AC25502A6700BC4077 /* Frameworks */ = {
			isa = PBXFrameworksBuildPhase;
			buildActionMask = 2147483647;
			files = (
				7C5341D3090B3266DE5BF323 /* Pods_BeeStrong.framework in Frameworks */,
			);
			runOnlyForDeploymentPostprocessing = 0;
		};
/* End PBXFrameworksBuildPhase section */

/* Begin PBXGroup section */
		006EBDA718336C5BB05FEA3E /* Pods */ = {
			isa = PBXGroup;
			children = (
				C9E0667BCDA4B42ED1AB5D68 /* Pods-BeeStrong.debug.xcconfig */,
				B369DBBBBEEACA3D5A0533FD /* Pods-BeeStrong.release.xcconfig */,
			);
			path = Pods;
			sourceTree = "<group>";
		};
		4319B51B2583D56700E1EF00 /* Supporting files */ = {
			isa = PBXGroup;
			children = (
				434962B225502A6700BC4077 /* AppDelegate.swift */,
				434962B425502A6700BC4077 /* SceneDelegate.swift */,
				434962B825502A6700BC4077 /* Home.storyboard */,
				434962BB25502A6800BC4077 /* Assets.xcassets */,
				434962BD25502A6800BC4077 /* LaunchScreen.storyboard */,
				4347568625876884002F02D3 /* Calender.storyboard */,
				4347568B258768DA002F02D3 /* Workouts.storyboard */,
				43475690258768E5002F02D3 /* Progress.storyboard */,
				43288000258CD6770051D55D /* WorkoutDetails.storyboard */,
			);
			path = "Supporting files";
			sourceTree = "<group>";
		};
		431EA63F2587B30E00EC8FB1 /* Models */ = {
			isa = PBXGroup;
			children = (
				43684004258A4606008AB322 /* TrainingSessionsManager.swift */,
				43684015258A6A9E008AB322 /* WorkoutManager.swift */,
				43684008258A475B008AB322 /* Manager.swift */,
				43FB3049258AB8C7009C1C26 /* ExerciseTypeManager.swift */,
			);
			path = Models;
			sourceTree = "<group>";
		};
		43288010258D048F0051D55D /* TrainingSessionDetailViews */ = {
			isa = PBXGroup;
			children = (
				43288011258D04CA0051D55D /* WorkoutDetailTableViewCell.swift */,
				43288012258D04CA0051D55D /* WorkoutDetailTableViewCell.xib */,
			);
			path = TrainingSessionDetailViews;
			sourceTree = "<group>";
		};
		434962A625502A6700BC4077 = {
			isa = PBXGroup;
			children = (
				434962B125502A6700BC4077 /* BeeStrong */,
				434962B025502A6700BC4077 /* Products */,
				006EBDA718336C5BB05FEA3E /* Pods */,
				9A06B796A34EBFF280DB604C /* Frameworks */,
			);
			sourceTree = "<group>";
		};
		434962B025502A6700BC4077 /* Products */ = {
			isa = PBXGroup;
			children = (
				434962AF25502A6700BC4077 /* BeeStrong.app */,
			);
			name = Products;
			sourceTree = "<group>";
		};
		434962B125502A6700BC4077 /* BeeStrong */ = {
			isa = PBXGroup;
			children = (
				4319B51B2583D56700E1EF00 /* Supporting files */,
				434962E8255033AD00BC4077 /* Controllers */,
				434962E72550339E00BC4077 /* Views */,
				431EA63F2587B30E00EC8FB1 /* Models */,
				434962C025502A6800BC4077 /* Info.plist */,
				436FED74258A34D9009F8370 /* BeeStrong.xcdatamodeld */,
			);
			path = BeeStrong;
			sourceTree = "<group>";
		};
		434962E72550339E00BC4077 /* Views */ = {
			isa = PBXGroup;
			children = (
				43288010258D048F0051D55D /* TrainingSessionDetailViews */,
				43FB3054258ABEC2009C1C26 /* ExerciesTypeSectionHeader.swift */,
				4396C71E255060C200FB35F3 /* UpcomingTrainingSessionCell.swift */,
				43AE0787258A8BB200FDBFE9 /* WorkoutTableViewCell.swift */,
				43FB3043258AB823009C1C26 /* ExerciseTypeCollectionViewCell.swift */,
				43FB3058258B6D35009C1C26 /* ExerciseTableViewCell.swift */,
				43FB3066258BB292009C1C26 /* SavedWorkoutTableViewCell.swift */,
			);
			path = Views;
			sourceTree = "<group>";
		};
		434962E8255033AD00BC4077 /* Controllers */ = {
			isa = PBXGroup;
			children = (
				4376D4E3258A324200434DDD /* Google-Header.h */,
				434962B625502A6700BC4077 /* HomeViewController.swift */,
				434962EF2550503B00BC4077 /* CalenderViewController.swift */,
				434962F72550506700BC4077 /* WorkoutsViewController.swift */,
				434962FC255052C200BC4077 /* ProcessViewController.swift */,
				43426EA02587A74300D7DDF1 /* GoogleSignInViewController.swift */,
				4376D4E5258A418000434DDD /* GoogleCalendarAPI.swift */,
				43684011258A6421008AB322 /* UpcomingSessionsUITableView.swift */,
				43AE0784258A787D00FDBFE9 /* AddTrainingSessionViewController.swift */,
				43FB3051258ABA2D009C1C26 /* ExerciseTypeViewController.swift */,
				43FB305B258B6ED2009C1C26 /* NewWorkoutViewController.swift */,
				43FB305F258B9907009C1C26 /* ExerciseTextField.swift */,
				4328800C258CE1070051D55D /* TrainingSessionDetailViewController.swift */,
				43288016258D3F430051D55D /* UpcomingSessionsViewController.swift */,
			);
			path = Controllers;
			sourceTree = "<group>";
		};
		9A06B796A34EBFF280DB604C /* Frameworks */ = {
			isa = PBXGroup;
			children = (
				E1460450FF61BF08910AFE7C /* Pods_BeeStrong.framework */,
			);
			name = Frameworks;
			sourceTree = "<group>";
		};
/* End PBXGroup section */

/* Begin PBXNativeTarget section */
		434962AE25502A6700BC4077 /* BeeStrong */ = {
			isa = PBXNativeTarget;
			buildConfigurationList = 434962D925502A6800BC4077 /* Build configuration list for PBXNativeTarget "BeeStrong" */;
			buildPhases = (
				F763453F7A7883A323D3E0FC /* [CP] Check Pods Manifest.lock */,
				434962AB25502A6700BC4077 /* Sources */,
				434962AC25502A6700BC4077 /* Frameworks */,
				434962AD25502A6700BC4077 /* Resources */,
				14FEC74B932067262EF7B7B7 /* [CP] Embed Pods Frameworks */,
				A2ED1BB61ACB1D347CB58613 /* [CP] Copy Pods Resources */,
			);
			buildRules = (
			);
			dependencies = (
			);
			name = BeeStrong;
			productName = BeeStrong;
			productReference = 434962AF25502A6700BC4077 /* BeeStrong.app */;
			productType = "com.apple.product-type.application";
		};
/* End PBXNativeTarget section */

/* Begin PBXProject section */
		434962A725502A6700BC4077 /* Project object */ = {
			isa = PBXProject;
			attributes = {
				LastSwiftUpdateCheck = 1210;
				LastUpgradeCheck = 1210;
				TargetAttributes = {
					434962AE25502A6700BC4077 = {
						CreatedOnToolsVersion = 12.1;
					};
				};
			};
			buildConfigurationList = 434962AA25502A6700BC4077 /* Build configuration list for PBXProject "BeeStrong" */;
			compatibilityVersion = "Xcode 9.3";
			developmentRegion = en;
			hasScannedForEncodings = 0;
			knownRegions = (
				en,
				Base,
			);
			mainGroup = 434962A625502A6700BC4077;
			productRefGroup = 434962B025502A6700BC4077 /* Products */;
			projectDirPath = "";
			projectRoot = "";
			targets = (
				434962AE25502A6700BC4077 /* BeeStrong */,
			);
		};
/* End PBXProject section */

/* Begin PBXResourcesBuildPhase section */
		434962AD25502A6700BC4077 /* Resources */ = {
			isa = PBXResourcesBuildPhase;
			buildActionMask = 2147483647;
			files = (
				43288014258D04CA0051D55D /* WorkoutDetailTableViewCell.xib in Resources */,
				4347568725876884002F02D3 /* Calender.storyboard in Resources */,
				4347568C258768DA002F02D3 /* Workouts.storyboard in Resources */,
				434962BF25502A6800BC4077 /* LaunchScreen.storyboard in Resources */,
				43475691258768E5002F02D3 /* Progress.storyboard in Resources */,
				434962BC25502A6800BC4077 /* Assets.xcassets in Resources */,
				43288001258CD6770051D55D /* WorkoutDetails.storyboard in Resources */,
				434962BA25502A6700BC4077 /* Home.storyboard in Resources */,
			);
			runOnlyForDeploymentPostprocessing = 0;
		};
/* End PBXResourcesBuildPhase section */

/* Begin PBXShellScriptBuildPhase section */
		14FEC74B932067262EF7B7B7 /* [CP] Embed Pods Frameworks */ = {
			isa = PBXShellScriptBuildPhase;
			buildActionMask = 2147483647;
			files = (
			);
			inputFileListPaths = (
				"${PODS_ROOT}/Target Support Files/Pods-BeeStrong/Pods-BeeStrong-frameworks-${CONFIGURATION}-input-files.xcfilelist",
			);
			name = "[CP] Embed Pods Frameworks";
			outputFileListPaths = (
				"${PODS_ROOT}/Target Support Files/Pods-BeeStrong/Pods-BeeStrong-frameworks-${CONFIGURATION}-output-files.xcfilelist",
			);
			runOnlyForDeploymentPostprocessing = 0;
			shellPath = /bin/sh;
			shellScript = "\"${PODS_ROOT}/Target Support Files/Pods-BeeStrong/Pods-BeeStrong-frameworks.sh\"\n";
			showEnvVarsInLog = 0;
		};
		A2ED1BB61ACB1D347CB58613 /* [CP] Copy Pods Resources */ = {
			isa = PBXShellScriptBuildPhase;
			buildActionMask = 2147483647;
			files = (
			);
			inputFileListPaths = (
				"${PODS_ROOT}/Target Support Files/Pods-BeeStrong/Pods-BeeStrong-resources-${CONFIGURATION}-input-files.xcfilelist",
			);
			name = "[CP] Copy Pods Resources";
			outputFileListPaths = (
				"${PODS_ROOT}/Target Support Files/Pods-BeeStrong/Pods-BeeStrong-resources-${CONFIGURATION}-output-files.xcfilelist",
			);
			runOnlyForDeploymentPostprocessing = 0;
			shellPath = /bin/sh;
			shellScript = "\"${PODS_ROOT}/Target Support Files/Pods-BeeStrong/Pods-BeeStrong-resources.sh\"\n";
			showEnvVarsInLog = 0;
		};
		F763453F7A7883A323D3E0FC /* [CP] Check Pods Manifest.lock */ = {
			isa = PBXShellScriptBuildPhase;
			buildActionMask = 2147483647;
			files = (
			);
			inputFileListPaths = (
			);
			inputPaths = (
				"${PODS_PODFILE_DIR_PATH}/Podfile.lock",
				"${PODS_ROOT}/Manifest.lock",
			);
			name = "[CP] Check Pods Manifest.lock";
			outputFileListPaths = (
			);
			outputPaths = (
				"$(DERIVED_FILE_DIR)/Pods-BeeStrong-checkManifestLockResult.txt",
			);
			runOnlyForDeploymentPostprocessing = 0;
			shellPath = /bin/sh;
			shellScript = "diff \"${PODS_PODFILE_DIR_PATH}/Podfile.lock\" \"${PODS_ROOT}/Manifest.lock\" > /dev/null\nif [ $? != 0 ] ; then\n    # print error to STDERR\n    echo \"error: The sandbox is not in sync with the Podfile.lock. Run 'pod install' or update your CocoaPods installation.\" >&2\n    exit 1\nfi\n# This output is used by Xcode 'outputs' to avoid re-running this script phase.\necho \"SUCCESS\" > \"${SCRIPT_OUTPUT_FILE_0}\"\n";
			showEnvVarsInLog = 0;
		};
/* End PBXShellScriptBuildPhase section */

/* Begin PBXSourcesBuildPhase section */
		434962AB25502A6700BC4077 /* Sources */ = {
			isa = PBXSourcesBuildPhase;
			buildActionMask = 2147483647;
			files = (
				43FB3067258BB292009C1C26 /* SavedWorkoutTableViewCell.swift in Sources */,
				43FB3044258AB823009C1C26 /* ExerciseTypeCollectionViewCell.swift in Sources */,
				4328800D258CE1070051D55D /* TrainingSessionDetailViewController.swift in Sources */,
				43FB3059258B6D35009C1C26 /* ExerciseTableViewCell.swift in Sources */,
				43684012258A6421008AB322 /* UpcomingSessionsUITableView.swift in Sources */,
				434962F02550503B00BC4077 /* CalenderViewController.swift in Sources */,
				434962F82550506700BC4077 /* WorkoutsViewController.swift in Sources */,
				43AE0785258A787D00FDBFE9 /* AddTrainingSessionViewController.swift in Sources */,
				4396C71F255060C200FB35F3 /* UpcomingTrainingSessionCell.swift in Sources */,
				43FB3052258ABA2D009C1C26 /* ExerciseTypeViewController.swift in Sources */,
				43684005258A4606008AB322 /* TrainingSessionsManager.swift in Sources */,
				434962FD255052C200BC4077 /* ProcessViewController.swift in Sources */,
				43426EA12587A74300D7DDF1 /* GoogleSignInViewController.swift in Sources */,
				43FB3060258B9907009C1C26 /* ExerciseTextField.swift in Sources */,
				43288013258D04CA0051D55D /* WorkoutDetailTableViewCell.swift in Sources */,
				43684009258A475B008AB322 /* Manager.swift in Sources */,
				43FB305C258B6ED2009C1C26 /* NewWorkoutViewController.swift in Sources */,
				434962B725502A6700BC4077 /* HomeViewController.swift in Sources */,
				434962B325502A6700BC4077 /* AppDelegate.swift in Sources */,
				434962B525502A6700BC4077 /* SceneDelegate.swift in Sources */,
				43288017258D3F430051D55D /* UpcomingSessionsViewController.swift in Sources */,
				4376D4E6258A418000434DDD /* GoogleCalendarAPI.swift in Sources */,
				43684016258A6A9E008AB322 /* WorkoutManager.swift in Sources */,
				43FB3055258ABEC2009C1C26 /* ExerciesTypeSectionHeader.swift in Sources */,
				43FB304A258AB8C7009C1C26 /* ExerciseTypeManager.swift in Sources */,
				43AE0788258A8BB200FDBFE9 /* WorkoutTableViewCell.swift in Sources */,
				436FED76258A34D9009F8370 /* BeeStrong.xcdatamodeld in Sources */,
			);
			runOnlyForDeploymentPostprocessing = 0;
		};
/* End PBXSourcesBuildPhase section */

/* Begin PBXVariantGroup section */
		434962B825502A6700BC4077 /* Home.storyboard */ = {
			isa = PBXVariantGroup;
			children = (
				434962B925502A6700BC4077 /* Base */,
			);
			name = Home.storyboard;
			sourceTree = "<group>";
		};
		434962BD25502A6800BC4077 /* LaunchScreen.storyboard */ = {
			isa = PBXVariantGroup;
			children = (
				434962BE25502A6800BC4077 /* Base */,
			);
			name = LaunchScreen.storyboard;
			sourceTree = "<group>";
		};
/* End PBXVariantGroup section */

/* Begin XCBuildConfiguration section */
		434962D725502A6800BC4077 /* Debug */ = {
			isa = XCBuildConfiguration;
			buildSettings = {
				ALWAYS_SEARCH_USER_PATHS = NO;
				CLANG_ANALYZER_NONNULL = YES;
				CLANG_ANALYZER_NUMBER_OBJECT_CONVERSION = YES_AGGRESSIVE;
				CLANG_CXX_LANGUAGE_STANDARD = "gnu++14";
				CLANG_CXX_LIBRARY = "libc++";
				CLANG_ENABLE_MODULES = YES;
				CLANG_ENABLE_OBJC_ARC = YES;
				CLANG_ENABLE_OBJC_WEAK = YES;
				CLANG_WARN_BLOCK_CAPTURE_AUTORELEASING = YES;
				CLANG_WARN_BOOL_CONVERSION = YES;
				CLANG_WARN_COMMA = YES;
				CLANG_WARN_CONSTANT_CONVERSION = YES;
				CLANG_WARN_DEPRECATED_OBJC_IMPLEMENTATIONS = YES;
				CLANG_WARN_DIRECT_OBJC_ISA_USAGE = YES_ERROR;
				CLANG_WARN_DOCUMENTATION_COMMENTS = YES;
				CLANG_WARN_EMPTY_BODY = YES;
				CLANG_WARN_ENUM_CONVERSION = YES;
				CLANG_WARN_INFINITE_RECURSION = YES;
				CLANG_WARN_INT_CONVERSION = YES;
				CLANG_WARN_NON_LITERAL_NULL_CONVERSION = YES;
				CLANG_WARN_OBJC_IMPLICIT_RETAIN_SELF = YES;
				CLANG_WARN_OBJC_LITERAL_CONVERSION = YES;
				CLANG_WARN_OBJC_ROOT_CLASS = YES_ERROR;
				CLANG_WARN_QUOTED_INCLUDE_IN_FRAMEWORK_HEADER = YES;
				CLANG_WARN_RANGE_LOOP_ANALYSIS = YES;
				CLANG_WARN_STRICT_PROTOTYPES = YES;
				CLANG_WARN_SUSPICIOUS_MOVE = YES;
				CLANG_WARN_UNGUARDED_AVAILABILITY = YES_AGGRESSIVE;
				CLANG_WARN_UNREACHABLE_CODE = YES;
				CLANG_WARN__DUPLICATE_METHOD_MATCH = YES;
				COPY_PHASE_STRIP = NO;
				DEBUG_INFORMATION_FORMAT = dwarf;
				ENABLE_STRICT_OBJC_MSGSEND = YES;
				ENABLE_TESTABILITY = YES;
				GCC_C_LANGUAGE_STANDARD = gnu11;
				GCC_DYNAMIC_NO_PIC = NO;
				GCC_NO_COMMON_BLOCKS = YES;
				GCC_OPTIMIZATION_LEVEL = 0;
				GCC_PREPROCESSOR_DEFINITIONS = (
					"DEBUG=1",
					"$(inherited)",
				);
				GCC_WARN_64_TO_32_BIT_CONVERSION = YES;
				GCC_WARN_ABOUT_RETURN_TYPE = YES_ERROR;
				GCC_WARN_UNDECLARED_SELECTOR = YES;
				GCC_WARN_UNINITIALIZED_AUTOS = YES_AGGRESSIVE;
				GCC_WARN_UNUSED_FUNCTION = YES;
				GCC_WARN_UNUSED_VARIABLE = YES;
				IPHONEOS_DEPLOYMENT_TARGET = 14.1;
				MTL_ENABLE_DEBUG_INFO = INCLUDE_SOURCE;
				MTL_FAST_MATH = YES;
				ONLY_ACTIVE_ARCH = YES;
				SDKROOT = iphoneos;
				SWIFT_ACTIVE_COMPILATION_CONDITIONS = DEBUG;
				SWIFT_OPTIMIZATION_LEVEL = "-Onone";
			};
			name = Debug;
		};
		434962D825502A6800BC4077 /* Release */ = {
			isa = XCBuildConfiguration;
			buildSettings = {
				ALWAYS_SEARCH_USER_PATHS = NO;
				CLANG_ANALYZER_NONNULL = YES;
				CLANG_ANALYZER_NUMBER_OBJECT_CONVERSION = YES_AGGRESSIVE;
				CLANG_CXX_LANGUAGE_STANDARD = "gnu++14";
				CLANG_CXX_LIBRARY = "libc++";
				CLANG_ENABLE_MODULES = YES;
				CLANG_ENABLE_OBJC_ARC = YES;
				CLANG_ENABLE_OBJC_WEAK = YES;
				CLANG_WARN_BLOCK_CAPTURE_AUTORELEASING = YES;
				CLANG_WARN_BOOL_CONVERSION = YES;
				CLANG_WARN_COMMA = YES;
				CLANG_WARN_CONSTANT_CONVERSION = YES;
				CLANG_WARN_DEPRECATED_OBJC_IMPLEMENTATIONS = YES;
				CLANG_WARN_DIRECT_OBJC_ISA_USAGE = YES_ERROR;
				CLANG_WARN_DOCUMENTATION_COMMENTS = YES;
				CLANG_WARN_EMPTY_BODY = YES;
				CLANG_WARN_ENUM_CONVERSION = YES;
				CLANG_WARN_INFINITE_RECURSION = YES;
				CLANG_WARN_INT_CONVERSION = YES;
				CLANG_WARN_NON_LITERAL_NULL_CONVERSION = YES;
				CLANG_WARN_OBJC_IMPLICIT_RETAIN_SELF = YES;
				CLANG_WARN_OBJC_LITERAL_CONVERSION = YES;
				CLANG_WARN_OBJC_ROOT_CLASS = YES_ERROR;
				CLANG_WARN_QUOTED_INCLUDE_IN_FRAMEWORK_HEADER = YES;
				CLANG_WARN_RANGE_LOOP_ANALYSIS = YES;
				CLANG_WARN_STRICT_PROTOTYPES = YES;
				CLANG_WARN_SUSPICIOUS_MOVE = YES;
				CLANG_WARN_UNGUARDED_AVAILABILITY = YES_AGGRESSIVE;
				CLANG_WARN_UNREACHABLE_CODE = YES;
				CLANG_WARN__DUPLICATE_METHOD_MATCH = YES;
				COPY_PHASE_STRIP = NO;
				DEBUG_INFORMATION_FORMAT = "dwarf-with-dsym";
				ENABLE_NS_ASSERTIONS = NO;
				ENABLE_STRICT_OBJC_MSGSEND = YES;
				GCC_C_LANGUAGE_STANDARD = gnu11;
				GCC_NO_COMMON_BLOCKS = YES;
				GCC_WARN_64_TO_32_BIT_CONVERSION = YES;
				GCC_WARN_ABOUT_RETURN_TYPE = YES_ERROR;
				GCC_WARN_UNDECLARED_SELECTOR = YES;
				GCC_WARN_UNINITIALIZED_AUTOS = YES_AGGRESSIVE;
				GCC_WARN_UNUSED_FUNCTION = YES;
				GCC_WARN_UNUSED_VARIABLE = YES;
				IPHONEOS_DEPLOYMENT_TARGET = 14.1;
				MTL_ENABLE_DEBUG_INFO = NO;
				MTL_FAST_MATH = YES;
				SDKROOT = iphoneos;
				SWIFT_COMPILATION_MODE = wholemodule;
				SWIFT_OPTIMIZATION_LEVEL = "-O";
				VALIDATE_PRODUCT = YES;
			};
			name = Release;
		};
		434962DA25502A6800BC4077 /* Debug */ = {
			isa = XCBuildConfiguration;
			baseConfigurationReference = C9E0667BCDA4B42ED1AB5D68 /* Pods-BeeStrong.debug.xcconfig */;
			buildSettings = {
				ASSETCATALOG_COMPILER_APPICON_NAME = AppIcon;
				ASSETCATALOG_COMPILER_GLOBAL_ACCENT_COLOR_NAME = AccentColor;
				CODE_SIGN_STYLE = Automatic;
				DEVELOPMENT_TEAM = "";
				INFOPLIST_FILE = BeeStrong/Info.plist;
				LD_RUNPATH_SEARCH_PATHS = (
					"$(inherited)",
					"@executable_path/Frameworks",
				);
				PRODUCT_BUNDLE_IDENTIFIER = dk.sdu.BeeStrong;
				PRODUCT_NAME = "$(TARGET_NAME)";
				SWIFT_VERSION = 5.0;
				TARGETED_DEVICE_FAMILY = "1,2";
			};
			name = Debug;
		};
		434962DB25502A6800BC4077 /* Release */ = {
			isa = XCBuildConfiguration;
			baseConfigurationReference = B369DBBBBEEACA3D5A0533FD /* Pods-BeeStrong.release.xcconfig */;
			buildSettings = {
				ASSETCATALOG_COMPILER_APPICON_NAME = AppIcon;
				ASSETCATALOG_COMPILER_GLOBAL_ACCENT_COLOR_NAME = AccentColor;
				CODE_SIGN_STYLE = Automatic;
				DEVELOPMENT_TEAM = "";
				INFOPLIST_FILE = BeeStrong/Info.plist;
				LD_RUNPATH_SEARCH_PATHS = (
					"$(inherited)",
					"@executable_path/Frameworks",
				);
				PRODUCT_BUNDLE_IDENTIFIER = dk.sdu.BeeStrong;
				PRODUCT_NAME = "$(TARGET_NAME)";
				SWIFT_VERSION = 5.0;
				TARGETED_DEVICE_FAMILY = "1,2";
			};
			name = Release;
		};
/* End XCBuildConfiguration section */

/* Begin XCConfigurationList section */
		434962AA25502A6700BC4077 /* Build configuration list for PBXProject "BeeStrong" */ = {
			isa = XCConfigurationList;
			buildConfigurations = (
				434962D725502A6800BC4077 /* Debug */,
				434962D825502A6800BC4077 /* Release */,
			);
			defaultConfigurationIsVisible = 0;
			defaultConfigurationName = Release;
		};
		434962D925502A6800BC4077 /* Build configuration list for PBXNativeTarget "BeeStrong" */ = {
			isa = XCConfigurationList;
			buildConfigurations = (
				434962DA25502A6800BC4077 /* Debug */,
				434962DB25502A6800BC4077 /* Release */,
			);
			defaultConfigurationIsVisible = 0;
			defaultConfigurationName = Release;
		};
/* End XCConfigurationList section */

/* Begin XCVersionGroup section */
		436FED74258A34D9009F8370 /* BeeStrong.xcdatamodeld */ = {
			isa = XCVersionGroup;
			children = (
				436FED75258A34D9009F8370 /* BeeStrong.xcdatamodel */,
			);
			currentVersion = 436FED75258A34D9009F8370 /* BeeStrong.xcdatamodel */;
			path = BeeStrong.xcdatamodeld;
			sourceTree = "<group>";
			versionGroupType = wrapper.xcdatamodel;
		};
/* End XCVersionGroup section */
	};
	rootObject = 434962A725502A6700BC4077 /* Project object */;
}
